
Microsoft Visual Studio Solution File, Format Version 12.00
# Visual Studio Version 17
VisualStudioVersion = 17.10.35013.160
MinimumVisualStudioVersion = 10.0.40219.1
Project("{FAE04EC0-301F-11D3-BF4B-00C04F79EFBC}") = "SchoolProject", "WindowsFormsApp1\SchoolProject.csproj", "{77831A9A-6FEA-48A9-A596-C00E1106895D}"
EndProject
Global
	GlobalSection(SolutionConfigurationPlatforms) = preSolution
		Debug|Any CPU = Debug|Any CPU
		Release|Any CPU = Release|Any CPU
	EndGlobalSection
	GlobalSection(ProjectConfigurationPlatforms) = postSolution
		{77831A9A-6FEA-48A9-A596-C00E1106895D}.Debug|Any CPU.ActiveCfg = Debug|Any CPU
		{77831A9A-6FEA-48A9-A596-C00E1106895D}.Debug|Any CPU.Build.0 = Debug|Any CPU
		{77831A9A-6FEA-48A9-A596-C00E1106895D}.Release|Any CPU.ActiveCfg = Release|Any CPU
		{77831A9A-6FEA-48A9-A596-C00E1106895D}.Release|Any CPU.Build.0 = Release|Any CPU
	EndGlobalSection
	GlobalSection(SolutionProperties) = preSolution
		HideSolutionNode = FALSE
	EndGlobalSection
	GlobalSection(ExtensibilityGlobals) = postSolution
		SolutionGuid = {23F34CA4-F73A-4C74-BD88-7A40D0F1CD5E}
	EndGlobalSection
EndGlobal
